
Microsoft Visual Studio Solution File, Format Version 12.00
# Visual Studio Version 16
VisualStudioVersion = 16.0.29926.136
MinimumVisualStudioVersion = 10.0.40219.1
Project("{9A19103F-16F7-4668-BE54-9A1E7A4F7556}") = "Eaten.WEB", "Eaten\Eaten.WEB.csproj", "{7704340A-3700-43B9-8C79-FA8EB9A8FE4B}"
EndProject
Project("{FAE04EC0-301F-11D3-BF4B-00C04F79EFBC}") = "Eaten.DAL", "Eaten.DAL\Eaten.DAL.csproj", "{DBDF75DA-97E1-4F8E-AF9C-B811DAE78708}"
EndProject
Project("{FAE04EC0-301F-11D3-BF4B-00C04F79EFBC}") = "Eaten.Common", "Eaten.Common\Eaten.Common.csproj", "{86B2B918-7507-4E6D-9918-FBE57C55BF4D}"
EndProject
Project("{FAE04EC0-301F-11D3-BF4B-00C04F79EFBC}") = "Eaten.BLL", "Eaten.BLL\Eaten.BLL.csproj", "{FE22060B-C514-4CDD-8158-8A82E91DC5A6}"
EndProject
Global
	GlobalSection(SolutionConfigurationPlatforms) = preSolution
		Debug|Any CPU = Debug|Any CPU
		Release|Any CPU = Release|Any CPU
	EndGlobalSection
	GlobalSection(ProjectConfigurationPlatforms) = postSolution
		{7704340A-3700-43B9-8C79-FA8EB9A8FE4B}.Debug|Any CPU.ActiveCfg = Debug|Any CPU
		{7704340A-3700-43B9-8C79-FA8EB9A8FE4B}.Debug|Any CPU.Build.0 = Debug|Any CPU
		{7704340A-3700-43B9-8C79-FA8EB9A8FE4B}.Release|Any CPU.ActiveCfg = Release|Any CPU
		{7704340A-3700-43B9-8C79-FA8EB9A8FE4B}.Release|Any CPU.Build.0 = Release|Any CPU
		{DBDF75DA-97E1-4F8E-AF9C-B811DAE78708}.Debug|Any CPU.ActiveCfg = Debug|Any CPU
		{DBDF75DA-97E1-4F8E-AF9C-B811DAE78708}.Debug|Any CPU.Build.0 = Debug|Any CPU
		{DBDF75DA-97E1-4F8E-AF9C-B811DAE78708}.Release|Any CPU.ActiveCfg = Release|Any CPU
		{DBDF75DA-97E1-4F8E-AF9C-B811DAE78708}.Release|Any CPU.Build.0 = Release|Any CPU
		{86B2B918-7507-4E6D-9918-FBE57C55BF4D}.Debug|Any CPU.ActiveCfg = Debug|Any CPU
		{86B2B918-7507-4E6D-9918-FBE57C55BF4D}.Debug|Any CPU.Build.0 = Debug|Any CPU
		{86B2B918-7507-4E6D-9918-FBE57C55BF4D}.Release|Any CPU.ActiveCfg = Release|Any CPU
		{86B2B918-7507-4E6D-9918-FBE57C55BF4D}.Release|Any CPU.Build.0 = Release|Any CPU
		{FE22060B-C514-4CDD-8158-8A82E91DC5A6}.Debug|Any CPU.ActiveCfg = Debug|Any CPU
		{FE22060B-C514-4CDD-8158-8A82E91DC5A6}.Debug|Any CPU.Build.0 = Debug|Any CPU
		{FE22060B-C514-4CDD-8158-8A82E91DC5A6}.Release|Any CPU.ActiveCfg = Release|Any CPU
		{FE22060B-C514-4CDD-8158-8A82E91DC5A6}.Release|Any CPU.Build.0 = Release|Any CPU
	EndGlobalSection
	GlobalSection(SolutionProperties) = preSolution
		HideSolutionNode = FALSE
	EndGlobalSection
	GlobalSection(ExtensibilityGlobals) = postSolution
		SolutionGuid = {E7672EC8-7346-4B60-BE00-FEA5A590FE75}
	EndGlobalSection
EndGlobal
